// !$*UTF8*$!
{
	archiveVersion = 1;
	classes = {
	};
	objectVersion = 48;
	objects = {

/* Begin PBXBuildFile section */
		F17EC26F1F77BFCD00D351F7 /* AppDelegate.swift in Sources */ = {isa = PBXBuildFile; fileRef = F17EC26E1F77BFCD00D351F7 /* AppDelegate.swift */; };
		F17EC2711F77BFCD00D351F7 /* ViewController.swift in Sources */ = {isa = PBXBuildFile; fileRef = F17EC2701F77BFCD00D351F7 /* ViewController.swift */; };
		F17EC2741F77BFCD00D351F7 /* Main.storyboard in Resources */ = {isa = PBXBuildFile; fileRef = F17EC2721F77BFCD00D351F7 /* Main.storyboard */; };
		F17EC2761F77BFCD00D351F7 /* Assets.xcassets in Resources */ = {isa = PBXBuildFile; fileRef = F17EC2751F77BFCD00D351F7 /* Assets.xcassets */; };
		F17EC2791F77BFCD00D351F7 /* LaunchScreen.storyboard in Resources */ = {isa = PBXBuildFile; fileRef = F17EC2771F77BFCD00D351F7 /* LaunchScreen.storyboard */; };
/* End PBXBuildFile section */

/* Begin PBXFileReference section */
		F17EC26B1F77BFCD00D351F7 /* GitTxt.app */ = {isa = PBXFileReference; explicitFileType = wrapper.application; includeInIndex = 0; path = GitTxt.app; sourceTree = BUILT_PRODUCTS_DIR; };
		F17EC26E1F77BFCD00D351F7 /* AppDelegate.swift */ = {isa = PBXFileReference; lastKnownFileType = sourcecode.swift; path = AppDelegate.swift; sourceTree = "<group>"; };
		F17EC2701F77BFCD00D351F7 /* ViewController.swift */ = {isa = PBXFileReference; lastKnownFileType = sourcecode.swift; path = ViewController.swift; sourceTree = "<group>"; };
		F17EC2731F77BFCD00D351F7 /* Base */ = {isa = PBXFileReference; lastKnownFileType = file.storyboard; name = Base; path = Base.lproj/Main.storyboard; sourceTree = "<group>"; };
		F17EC2751F77BFCD00D351F7 /* Assets.xcassets */ = {isa = PBXFileReference; lastKnownFileType = folder.assetcatalog; path = Assets.xcassets; sourceTree = "<group>"; };
		F17EC2781F77BFCD00D351F7 /* Base */ = {isa = PBXFileReference; lastKnownFileType = file.storyboard; name = Base; path = Base.lproj/LaunchScreen.storyboard; sourceTree = "<group>"; };
		F17EC27A1F77BFCD00D351F7 /* Info.plist */ = {isa = PBXFileReference; lastKnownFileType = text.plist.xml; path = Info.plist; sourceTree = "<group>"; };
/* End PBXFileReference section */

/* Begin PBXFrameworksBuildPhase section */
		F17EC2681F77BFCD00D351F7 /* Frameworks */ = {
			isa = PBXFrameworksBuildPhase;
			buildActionMask = 2147483647;
			files = (
			);
			runOnlyForDeploymentPostprocessing = 0;
		};
/* End PBXFrameworksBuildPhase section */

/* Begin PBXGroup section */
		F17EC2621F77BFCD00D351F7 = {
			isa = PBXGroup;
			children = (
				F17EC26D1F77BFCD00D351F7 /* GitTxt */,
				F17EC26C1F77BFCD00D351F7 /* Products */,
			);
			sourceTree = "<group>";
		};
		F17EC26C1F77BFCD00D351F7 /* Products */ = {
			isa = PBXGroup;
			children = (
				F17EC26B1F77BFCD00D351F7 /* GitTxt.app */,
			);
			name = Products;
			sourceTree = "<group>";
		};
		F17EC26D1F77BFCD00D351F7 /* GitTxt */ = {
			isa = PBXGroup;
			children = (
				F17EC26E1F77BFCD00D351F7 /* AppDelegate.swift */,
				F17EC2701F77BFCD00D351F7 /* ViewController.swift */,
				F17EC2721F77BFCD00D351F7 /* Main.storyboard */,
				F17EC2751F77BFCD00D351F7 /* Assets.xcassets */,
				F17EC2771F77BFCD00D351F7 /* LaunchScreen.storyboard */,
				F17EC27A1F77BFCD00D351F7 /* Info.plist */,
			);
			path = GitTxt;
			sourceTree = "<group>";
		};
/* End PBXGroup section */

/* Begin PBXNativeTarget section */
		F17EC26A1F77BFCD00D351F7 /* GitTxt */ = {
			isa = PBXNativeTarget;
			buildConfigurationList = F17EC27D1F77BFCD00D351F7 /* Build configuration list for PBXNativeTarget "GitTxt" */;
			buildPhases = (
				F17EC2671F77BFCD00D351F7 /* Sources */,
				F17EC2681F77BFCD00D351F7 /* Frameworks */,
				F17EC2691F77BFCD00D351F7 /* Resources */,
			);
			buildRules = (
			);
			dependencies = (
			);
			name = GitTxt;
			productName = GitTxt;
			productReference = F17EC26B1F77BFCD00D351F7 /* GitTxt.app */;
			productType = "com.apple.product-type.application";
		};
/* End PBXNativeTarget section */

/* Begin PBXProject section */
		F17EC2631F77BFCD00D351F7 /* Project object */ = {
			isa = PBXProject;
			attributes = {
				LastSwiftUpdateCheck = 0900;
				LastUpgradeCheck = 0900;
				ORGANIZATIONNAME = Zknowz;
				TargetAttributes = {
					F17EC26A1F77BFCD00D351F7 = {
						CreatedOnToolsVersion = 9.0;
						ProvisioningStyle = Automatic;
					};
				};
			};
			buildConfigurationList = F17EC2661F77BFCD00D351F7 /* Build configuration list for PBXProject "GitTxt" */;
			compatibilityVersion = "Xcode 8.0";
			developmentRegion = en;
			hasScannedForEncodings = 0;
			knownRegions = (
				en,
				Base,
			);
			mainGroup = F17EC2621F77BFCD00D351F7;
			productRefGroup = F17EC26C1F77BFCD00D351F7 /* Products */;
			projectDirPath = "";
			projectRoot = "";
			targets = (
				F17EC26A1F77BFCD00D351F7 /* GitTxt */,
			);
		};
/* End PBXProject section */

/* Begin PBXResourcesBuildPhase section */
		F17EC2691F77BFCD00D351F7 /* Resources */ = {
			isa = PBXResourcesBuildPhase;
			buildActionMask = 2147483647;
			files = (
				F17EC2791F77BFCD00D351F7 /* LaunchScreen.storyboard in Resources */,
				F17EC2761F77BFCD00D351F7 /* Assets.xcassets in Resources */,
				F17EC2741F77BFCD00D351F7 /* Main.storyboard in Resources */,
			);
			runOnlyForDeploymentPostprocessing = 0;
		};
/* End PBXResourcesBuildPhase section */

/* Begin PBXSourcesBuildPhase section */
		F17EC2671F77BFCD00D351F7 /* Sources */ = {
			isa = PBXSourcesBuildPhase;
			buildActionMask = 2147483647;
			files = (
				F17EC2711F77BFCD00D351F7 /* ViewController.swift in Sources */,
				F17EC26F1F77BFCD00D351F7 /* AppDelegate.swift in Sources */,
			);
			runOnlyForDeploymentPostprocessing = 0;
		};
/* End PBXSourcesBuildPhase section */

/* Begin PBXVariantGroup section */
		F17EC2721F77BFCD00D351F7 /* Main.storyboard */ = {
			isa = PBXVariantGroup;
			children = (
				F17EC2731F77BFCD00D351F7 /* Base */,
			);
			name = Main.storyboard;
			sourceTree = "<group>";
		};
		F17EC2771F77BFCD00D351F7 /* LaunchScreen.storyboard */ = {
			isa = PBXVariantGroup;
			children = (
				F17EC2781F77BFCD00D351F7 /* Base */,
			);
			name = LaunchScreen.storyboard;
			sourceTree = "<group>";
		};
/* End PBXVariantGroup section */

/* Begin XCBuildConfiguration section */
		F17EC27B1F77BFCD00D351F7 /* Debug */ = {
			isa = XCBuildConfiguration;
			buildSettings = {
				ALWAYS_SEARCH_USER_PATHS = NO;
				CLANG_ANALYZER_NONNULL = YES;
				CLANG_ANALYZER_NUMBER_OBJECT_CONVERSION = YES_AGGRESSIVE;
				CLANG_CXX_LANGUAGE_STANDARD = "gnu++14";
				CLANG_CXX_LIBRARY = "libc++";
				CLANG_ENABLE_MODULES = YES;
				CLANG_ENABLE_OBJC_ARC = YES;
				CLANG_WARN_BLOCK_CAPTURE_AUTORELEASING = YES;
				CLANG_WARN_BOOL_CONVERSION = YES;
				CLANG_WARN_COMMA = YES;
				CLANG_WARN_CONSTANT_CONVERSION = YES;
				CLANG_WARN_DIRECT_OBJC_ISA_USAGE = YES_ERROR;
				CLANG_WARN_DOCUMENTATION_COMMENTS = YES;
				CLANG_WARN_EMPTY_BODY = YES;
				CLANG_WARN_ENUM_CONVERSION = YES;
				CLANG_WARN_INFINITE_RECURSION = YES;
				CLANG_WARN_INT_CONVERSION = YES;
				CLANG_WARN_NON_LITERAL_NULL_CONVERSION = YES;
				CLANG_WARN_OBJC_LITERAL_CONVERSION = YES;
				CLANG_WARN_OBJC_ROOT_CLASS = YES_ERROR;
				CLANG_WARN_RANGE_LOOP_ANALYSIS = YES;
				CLANG_WARN_STRICT_PROTOTYPES = YES;
				CLANG_WARN_SUSPICIOUS_MOVE = YES;
				CLANG_WARN_UNGUARDED_AVAILABILITY = YES_AGGRESSIVE;
				CLANG_WARN_UNREACHABLE_CODE = YES;
				CLANG_WARN__DUPLICATE_METHOD_MATCH = YES;
				CODE_SIGN_IDENTITY = "iPhone Developer";
				COPY_PHASE_STRIP = NO;
				DEBUG_INFORMATION_FORMAT = dwarf;
				ENABLE_STRICT_OBJC_MSGSEND = YES;
				ENABLE_TESTABILITY = YES;
				GCC_C_LANGUAGE_STANDARD = gnu11;
				GCC_DYNAMIC_NO_PIC = NO;
				GCC_NO_COMMON_BLOCKS = YES;
				GCC_OPTIMIZATION_LEVEL = 0;
				GCC_PREPROCESSOR_DEFINITIONS = (
					"DEBUG=1",
					"$(inherited)",
				);
				GCC_WARN_64_TO_32_BIT_CONVERSION = YES;
				GCC_WARN_ABOUT_RETURN_TYPE = YES_ERROR;
				GCC_WARN_UNDECLARED_SELECTOR = YES;
				GCC_WARN_UNINITIALIZED_AUTOS = YES_AGGRESSIVE;
				GCC_WARN_UNUSED_FUNCTION = YES;
				GCC_WARN_UNUSED_VARIABLE = YES;
				IPHONEOS_DEPLOYMENT_TARGET = 11.0;
				MTL_ENABLE_DEBUG_INFO = YES;
				ONLY_ACTIVE_ARCH = YES;
				SDKROOT = iphoneos;
				SWIFT_ACTIVE_COMPILATION_CONDITIONS = DEBUG;
				SWIFT_OPTIMIZATION_LEVEL = "-Onone";
			};
			name = Debug;
		};
		F17EC27C1F77BFCD00D351F7 /* Release */ = {
			isa = XCBuildConfiguration;
			buildSettings = {
				ALWAYS_SEARCH_USER_PATHS = NO;
				CLANG_ANALYZER_NONNULL = YES;
				CLANG_ANALYZER_NUMBER_OBJECT_CONVERSION = YES_AGGRESSIVE;
				CLANG_CXX_LANGUAGE_STANDARD = "gnu++14";
				CLANG_CXX_LIBRARY = "libc++";
				CLANG_ENABLE_MODULES = YES;
				CLANG_ENABLE_OBJC_ARC = YES;
				CLANG_WARN_BLOCK_CAPTURE_AUTORELEASING = YES;
				CLANG_WARN_BOOL_CONVERSION = YES;
				CLANG_WARN_COMMA = YES;
				CLANG_WARN_CONSTANT_CONVERSION = YES;
				CLANG_WARN_DIRECT_OBJC_ISA_USAGE = YES_ERROR;
				CLANG_WARN_DOCUMENTATION_COMMENTS = YES;
				CLANG_WARN_EMPTY_BODY = YES;
				CLANG_WARN_ENUM_CONVERSION = YES;
				CLANG_WARN_INFINITE_RECURSION = YES;
				CLANG_WARN_INT_CONVERSION = YES;
				CLANG_WARN_NON_LITERAL_NULL_CONVERSION = YES;
				CLANG_WARN_OBJC_LITERAL_CONVERSION = YES;
				CLANG_WARN_OBJC_ROOT_CLASS = YES_ERROR;
				CLANG_WARN_RANGE_LOOP_ANALYSIS = YES;
				CLANG_WARN_STRICT_PROTOTYPES = YES;
				CLANG_WARN_SUSPICIOUS_MOVE = YES;
				CLANG_WARN_UNGUARDED_AVAILABILITY = YES_AGGRESSIVE;
				CLANG_WARN_UNREACHABLE_CODE = YES;
				CLANG_WARN__DUPLICATE_METHOD_MATCH = YES;
				CODE_SIGN_IDENTITY = "iPhone Developer";
				COPY_PHASE_STRIP = NO;
				DEBUG_INFORMATION_FORMAT = "dwarf-with-dsym";
				ENABLE_NS_ASSERTIONS = NO;
				ENABLE_STRICT_OBJC_MSGSEND = YES;
				GCC_C_LANGUAGE_STANDARD = gnu11;
				GCC_NO_COMMON_BLOCKS = YES;
				GCC_WARN_64_TO_32_BIT_CONVERSION = YES;
				GCC_WARN_ABOUT_RETURN_TYPE = YES_ERROR;
				GCC_WARN_UNDECLARED_SELECTOR = YES;
				GCC_WARN_UNINITIALIZED_AUTOS = YES_AGGRESSIVE;
				GCC_WARN_UNUSED_FUNCTION = YES;
				GCC_WARN_UNUSED_VARIABLE = YES;
				IPHONEOS_DEPLOYMENT_TARGET = 11.0;
				MTL_ENABLE_DEBUG_INFO = NO;
				SDKROOT = iphoneos;
				SWIFT_OPTIMIZATION_LEVEL = "-Owholemodule";
				VALIDATE_PRODUCT = YES;
			};
			name = Release;
		};
		F17EC27E1F77BFCD00D351F7 /* Debug */ = {
			isa = XCBuildConfiguration;
			buildSettings = {
				ASSETCATALOG_COMPILER_APPICON_NAME = AppIcon;
				CODE_SIGN_STYLE = Automatic;
				INFOPLIST_FILE = GitTxt/Info.plist;
				LD_RUNPATH_SEARCH_PATHS = "$(inherited) @executable_path/Frameworks";
				PRODUCT_BUNDLE_IDENTIFIER = ZknowZcom.GitTxt;
				PRODUCT_NAME = "$(TARGET_NAME)";
				SWIFT_VERSION = 4.0;
				TARGETED_DEVICE_FAMILY = "1,2";
			};
			name = Debug;
		};
		F17EC27F1F77BFCD00D351F7 /* Release */ = {
			isa = XCBuildConfiguration;
			buildSettings = {
				ASSETCATALOG_COMPILER_APPICON_NAME = AppIcon;
				CODE_SIGN_STYLE = Automatic;
				INFOPLIST_FILE = GitTxt/Info.plist;
				LD_RUNPATH_SEARCH_PATHS = "$(inherited) @executable_path/Frameworks";
				PRODUCT_BUNDLE_IDENTIFIER = ZknowZcom.GitTxt;
				PRODUCT_NAME = "$(TARGET_NAME)";
				SWIFT_VERSION = 4.0;
				TARGETED_DEVICE_FAMILY = "1,2";
			};
			name = Release;
		};
/* End XCBuildConfiguration section */

/* Begin XCConfigurationList section */
		F17EC2661F77BFCD00D351F7 /* Build configuration list for PBXProject "GitTxt" */ = {
			isa = XCConfigurationList;
			buildConfigurations = (
				F17EC27B1F77BFCD00D351F7 /* Debug */,
				F17EC27C1F77BFCD00D351F7 /* Release */,
			);
			defaultConfigurationIsVisible = 0;
			defaultConfigurationName = Release;
		};
		F17EC27D1F77BFCD00D351F7 /* Build configuration list for PBXNativeTarget "GitTxt" */ = {
			isa = XCConfigurationList;
			buildConfigurations = (
				F17EC27E1F77BFCD00D351F7 /* Debug */,
				F17EC27F1F77BFCD00D351F7 /* Release */,
			);
			defaultConfigurationIsVisible = 0;
			defaultConfigurationName = Release;
		};
/* End XCConfigurationList section */
	};
	rootObject = F17EC2631F77BFCD00D351F7 /* Project object */;
}
